// !$*UTF8*$!
{
	archiveVersion = 1;
	classes = {
	};
	objectVersion = 56;
	objects = {

/* Begin PBXBuildFile section */
		6EA75C3B29FB532700602ED0 /* HomeView.swift in Sources */ = {isa = PBXBuildFile; fileRef = 6EA75C3A29FB532700602ED0 /* HomeView.swift */; };
		6EA75C3D29FB572600602ED0 /* HomeViewModel.swift in Sources */ = {isa = PBXBuildFile; fileRef = 6EA75C3C29FB572600602ED0 /* HomeViewModel.swift */; };
		6EA75C4029FB589B00602ED0 /* RESTProtocol.swift in Sources */ = {isa = PBXBuildFile; fileRef = 6EA75C3F29FB589B00602ED0 /* RESTProtocol.swift */; };
		6EA75C4429FC2A9A00602ED0 /* RESTService.swift in Sources */ = {isa = PBXBuildFile; fileRef = 6EA75C4329FC2A9A00602ED0 /* RESTService.swift */; };
		6EA75C4629FC2B5400602ED0 /* APIError.swift in Sources */ = {isa = PBXBuildFile; fileRef = 6EA75C4529FC2B5400602ED0 /* APIError.swift */; };
		6EA75C4829FC2FE700602ED0 /* Constants.swift in Sources */ = {isa = PBXBuildFile; fileRef = 6EA75C4729FC2FE700602ED0 /* Constants.swift */; };
		6EA75C4A29FC319700602ED0 /* Weather.swift in Sources */ = {isa = PBXBuildFile; fileRef = 6EA75C4929FC319700602ED0 /* Weather.swift */; };
		6EA75C4C29FC32F200602ED0 /* CoOrdinates.swift in Sources */ = {isa = PBXBuildFile; fileRef = 6EA75C4B29FC32F200602ED0 /* CoOrdinates.swift */; };
		6EA75C4E29FC333200602ED0 /* MainWeather.swift in Sources */ = {isa = PBXBuildFile; fileRef = 6EA75C4D29FC333200602ED0 /* MainWeather.swift */; };
		6EA75C5029FC344700602ED0 /* WeatherReport.swift in Sources */ = {isa = PBXBuildFile; fileRef = 6EA75C4F29FC344700602ED0 /* WeatherReport.swift */; };
		6EA75C5229FC351A00602ED0 /* Wind.swift in Sources */ = {isa = PBXBuildFile; fileRef = 6EA75C5129FC351A00602ED0 /* Wind.swift */; };
		6EA75C5429FC356300602ED0 /* System.swift in Sources */ = {isa = PBXBuildFile; fileRef = 6EA75C5329FC356300602ED0 /* System.swift */; };
		6EA75C5629FC359500602ED0 /* Clouds.swift in Sources */ = {isa = PBXBuildFile; fileRef = 6EA75C5529FC359500602ED0 /* Clouds.swift */; };
		6EBB4BCA29FB0717005C35CF /* SweatheriftApp.swift in Sources */ = {isa = PBXBuildFile; fileRef = 6EBB4BC929FB0717005C35CF /* SweatheriftApp.swift */; };
		6EBB4BCE29FB0718005C35CF /* Assets.xcassets in Resources */ = {isa = PBXBuildFile; fileRef = 6EBB4BCD29FB0718005C35CF /* Assets.xcassets */; };
		6EBB4BD129FB0718005C35CF /* Preview Assets.xcassets in Resources */ = {isa = PBXBuildFile; fileRef = 6EBB4BD029FB0718005C35CF /* Preview Assets.xcassets */; };
		6EBB4BDB29FB0719005C35CF /* SweatheriftTests.swift in Sources */ = {isa = PBXBuildFile; fileRef = 6EBB4BDA29FB0719005C35CF /* SweatheriftTests.swift */; };
		6EBB4BE529FB0719005C35CF /* SweatheriftUITests.swift in Sources */ = {isa = PBXBuildFile; fileRef = 6EBB4BE429FB0719005C35CF /* SweatheriftUITests.swift */; };
		6EBB4BE729FB0719005C35CF /* SweatheriftUITestsLaunchTests.swift in Sources */ = {isa = PBXBuildFile; fileRef = 6EBB4BE629FB0719005C35CF /* SweatheriftUITestsLaunchTests.swift */; };
		6EDBB29D29FDD5CB0044F34D /* Location.swift in Sources */ = {isa = PBXBuildFile; fileRef = 6EDBB29C29FDD5CB0044F34D /* Location.swift */; };
		6EDBB29F29FE09350044F34D /* WeatherView.swift in Sources */ = {isa = PBXBuildFile; fileRef = 6EDBB29E29FE09350044F34D /* WeatherView.swift */; };
		6EDBB2A129FE0D800044F34D /* WeatherViewModel.swift in Sources */ = {isa = PBXBuildFile; fileRef = 6EDBB2A029FE0D800044F34D /* WeatherViewModel.swift */; };
		6EDBB2A529FE289F0044F34D /* InjectionKey.swift in Sources */ = {isa = PBXBuildFile; fileRef = 6EDBB2A429FE289F0044F34D /* InjectionKey.swift */; };
		6EDBB2A729FE28D90044F34D /* RESTServiceKey.swift in Sources */ = {isa = PBXBuildFile; fileRef = 6EDBB2A629FE28D90044F34D /* RESTServiceKey.swift */; };
		6EDBB2A929FE29170044F34D /* InjectedValues.swift in Sources */ = {isa = PBXBuildFile; fileRef = 6EDBB2A829FE29170044F34D /* InjectedValues.swift */; };
		6EDBB2AB29FE2B2D0044F34D /* InjectedPropertyWrapper.swift in Sources */ = {isa = PBXBuildFile; fileRef = 6EDBB2AA29FE2B2D0044F34D /* InjectedPropertyWrapper.swift */; };
/* End PBXBuildFile section */

/* Begin PBXContainerItemProxy section */
		6EBB4BD729FB0719005C35CF /* PBXContainerItemProxy */ = {
			isa = PBXContainerItemProxy;
			containerPortal = 6EBB4BBE29FB0717005C35CF /* Project object */;
			proxyType = 1;
			remoteGlobalIDString = 6EBB4BC529FB0717005C35CF;
			remoteInfo = Sweatherift;
		};
		6EBB4BE129FB0719005C35CF /* PBXContainerItemProxy */ = {
			isa = PBXContainerItemProxy;
			containerPortal = 6EBB4BBE29FB0717005C35CF /* Project object */;
			proxyType = 1;
			remoteGlobalIDString = 6EBB4BC529FB0717005C35CF;
			remoteInfo = Sweatherift;
		};
/* End PBXContainerItemProxy section */

/* Begin PBXFileReference section */
		6EA75C3A29FB532700602ED0 /* HomeView.swift */ = {isa = PBXFileReference; lastKnownFileType = sourcecode.swift; path = HomeView.swift; sourceTree = "<group>"; };
		6EA75C3C29FB572600602ED0 /* HomeViewModel.swift */ = {isa = PBXFileReference; lastKnownFileType = sourcecode.swift; path = HomeViewModel.swift; sourceTree = "<group>"; };
		6EA75C3F29FB589B00602ED0 /* RESTProtocol.swift */ = {isa = PBXFileReference; lastKnownFileType = sourcecode.swift; path = RESTProtocol.swift; sourceTree = "<group>"; };
		6EA75C4329FC2A9A00602ED0 /* RESTService.swift */ = {isa = PBXFileReference; lastKnownFileType = sourcecode.swift; path = RESTService.swift; sourceTree = "<group>"; };
		6EA75C4529FC2B5400602ED0 /* APIError.swift */ = {isa = PBXFileReference; lastKnownFileType = sourcecode.swift; path = APIError.swift; sourceTree = "<group>"; };
		6EA75C4729FC2FE700602ED0 /* Constants.swift */ = {isa = PBXFileReference; lastKnownFileType = sourcecode.swift; path = Constants.swift; sourceTree = "<group>"; };
		6EA75C4929FC319700602ED0 /* Weather.swift */ = {isa = PBXFileReference; lastKnownFileType = sourcecode.swift; path = Weather.swift; sourceTree = "<group>"; };
		6EA75C4B29FC32F200602ED0 /* CoOrdinates.swift */ = {isa = PBXFileReference; lastKnownFileType = sourcecode.swift; path = CoOrdinates.swift; sourceTree = "<group>"; };
		6EA75C4D29FC333200602ED0 /* MainWeather.swift */ = {isa = PBXFileReference; lastKnownFileType = sourcecode.swift; path = MainWeather.swift; sourceTree = "<group>"; };
		6EA75C4F29FC344700602ED0 /* WeatherReport.swift */ = {isa = PBXFileReference; lastKnownFileType = sourcecode.swift; path = WeatherReport.swift; sourceTree = "<group>"; };
		6EA75C5129FC351A00602ED0 /* Wind.swift */ = {isa = PBXFileReference; lastKnownFileType = sourcecode.swift; path = Wind.swift; sourceTree = "<group>"; };
		6EA75C5329FC356300602ED0 /* System.swift */ = {isa = PBXFileReference; lastKnownFileType = sourcecode.swift; path = System.swift; sourceTree = "<group>"; };
		6EA75C5529FC359500602ED0 /* Clouds.swift */ = {isa = PBXFileReference; lastKnownFileType = sourcecode.swift; path = Clouds.swift; sourceTree = "<group>"; };
		6EBB4BC629FB0717005C35CF /* Sweatherift.app */ = {isa = PBXFileReference; explicitFileType = wrapper.application; includeInIndex = 0; path = Sweatherift.app; sourceTree = BUILT_PRODUCTS_DIR; };
		6EBB4BC929FB0717005C35CF /* SweatheriftApp.swift */ = {isa = PBXFileReference; lastKnownFileType = sourcecode.swift; path = SweatheriftApp.swift; sourceTree = "<group>"; };
		6EBB4BCD29FB0718005C35CF /* Assets.xcassets */ = {isa = PBXFileReference; lastKnownFileType = folder.assetcatalog; path = Assets.xcassets; sourceTree = "<group>"; };
		6EBB4BD029FB0718005C35CF /* Preview Assets.xcassets */ = {isa = PBXFileReference; lastKnownFileType = folder.assetcatalog; path = "Preview Assets.xcassets"; sourceTree = "<group>"; };
		6EBB4BD629FB0719005C35CF /* SweatheriftTests.xctest */ = {isa = PBXFileReference; explicitFileType = wrapper.cfbundle; includeInIndex = 0; path = SweatheriftTests.xctest; sourceTree = BUILT_PRODUCTS_DIR; };
		6EBB4BDA29FB0719005C35CF /* SweatheriftTests.swift */ = {isa = PBXFileReference; lastKnownFileType = sourcecode.swift; path = SweatheriftTests.swift; sourceTree = "<group>"; };
		6EBB4BE029FB0719005C35CF /* SweatheriftUITests.xctest */ = {isa = PBXFileReference; explicitFileType = wrapper.cfbundle; includeInIndex = 0; path = SweatheriftUITests.xctest; sourceTree = BUILT_PRODUCTS_DIR; };
		6EBB4BE429FB0719005C35CF /* SweatheriftUITests.swift */ = {isa = PBXFileReference; lastKnownFileType = sourcecode.swift; path = SweatheriftUITests.swift; sourceTree = "<group>"; };
		6EBB4BE629FB0719005C35CF /* SweatheriftUITestsLaunchTests.swift */ = {isa = PBXFileReference; lastKnownFileType = sourcecode.swift; path = SweatheriftUITestsLaunchTests.swift; sourceTree = "<group>"; };
		6EDBB29C29FDD5CB0044F34D /* Location.swift */ = {isa = PBXFileReference; lastKnownFileType = sourcecode.swift; path = Location.swift; sourceTree = "<group>"; };
		6EDBB29E29FE09350044F34D /* WeatherView.swift */ = {isa = PBXFileReference; lastKnownFileType = sourcecode.swift; path = WeatherView.swift; sourceTree = "<group>"; };
		6EDBB2A029FE0D800044F34D /* WeatherViewModel.swift */ = {isa = PBXFileReference; lastKnownFileType = sourcecode.swift; path = WeatherViewModel.swift; sourceTree = "<group>"; };
		6EDBB2A429FE289F0044F34D /* InjectionKey.swift */ = {isa = PBXFileReference; lastKnownFileType = sourcecode.swift; path = InjectionKey.swift; sourceTree = "<group>"; };
		6EDBB2A629FE28D90044F34D /* RESTServiceKey.swift */ = {isa = PBXFileReference; lastKnownFileType = sourcecode.swift; path = RESTServiceKey.swift; sourceTree = "<group>"; };
		6EDBB2A829FE29170044F34D /* InjectedValues.swift */ = {isa = PBXFileReference; lastKnownFileType = sourcecode.swift; path = InjectedValues.swift; sourceTree = "<group>"; };
		6EDBB2AA29FE2B2D0044F34D /* InjectedPropertyWrapper.swift */ = {isa = PBXFileReference; lastKnownFileType = sourcecode.swift; path = InjectedPropertyWrapper.swift; sourceTree = "<group>"; };
/* End PBXFileReference section */

/* Begin PBXFrameworksBuildPhase section */
		6EBB4BC329FB0717005C35CF /* Frameworks */ = {
			isa = PBXFrameworksBuildPhase;
			buildActionMask = 2147483647;
			files = (
			);
			runOnlyForDeploymentPostprocessing = 0;
		};
		6EBB4BD329FB0719005C35CF /* Frameworks */ = {
			isa = PBXFrameworksBuildPhase;
			buildActionMask = 2147483647;
			files = (
			);
			runOnlyForDeploymentPostprocessing = 0;
		};
		6EBB4BDD29FB0719005C35CF /* Frameworks */ = {
			isa = PBXFrameworksBuildPhase;
			buildActionMask = 2147483647;
			files = (
			);
			runOnlyForDeploymentPostprocessing = 0;
		};
/* End PBXFrameworksBuildPhase section */

/* Begin PBXGroup section */
		6EA75C3729FB52EC00602ED0 /* Views */ = {
			isa = PBXGroup;
			children = (
				6EA75C3A29FB532700602ED0 /* HomeView.swift */,
				6EDBB29E29FE09350044F34D /* WeatherView.swift */,
			);
			path = Views;
			sourceTree = "<group>";
		};
		6EA75C3829FB52F200602ED0 /* ViewModels */ = {
			isa = PBXGroup;
			children = (
				6EA75C3C29FB572600602ED0 /* HomeViewModel.swift */,
				6EDBB2A029FE0D800044F34D /* WeatherViewModel.swift */,
			);
			path = ViewModels;
			sourceTree = "<group>";
		};
		6EA75C3929FB52FA00602ED0 /* Models */ = {
			isa = PBXGroup;
			children = (
				6EA75C4929FC319700602ED0 /* Weather.swift */,
				6EA75C4B29FC32F200602ED0 /* CoOrdinates.swift */,
				6EA75C4D29FC333200602ED0 /* MainWeather.swift */,
				6EA75C4F29FC344700602ED0 /* WeatherReport.swift */,
				6EA75C5129FC351A00602ED0 /* Wind.swift */,
				6EA75C5329FC356300602ED0 /* System.swift */,
				6EA75C5529FC359500602ED0 /* Clouds.swift */,
				6EDBB29C29FDD5CB0044F34D /* Location.swift */,
			);
			path = Models;
			sourceTree = "<group>";
		};
		6EA75C3E29FB585600602ED0 /* Core */ = {
			isa = PBXGroup;
			children = (
				6EA75C4229FC2A7800602ED0 /* Implementation */,
				6EA75C4129FC2A6E00602ED0 /* Protocols */,
				6EA75C4529FC2B5400602ED0 /* APIError.swift */,
				6EA75C4729FC2FE700602ED0 /* Constants.swift */,
				6EDBB2A829FE29170044F34D /* InjectedValues.swift */,
				6EDBB2AA29FE2B2D0044F34D /* InjectedPropertyWrapper.swift */,
			);
			path = Core;
			sourceTree = "<group>";
		};
		6EA75C4129FC2A6E00602ED0 /* Protocols */ = {
			isa = PBXGroup;
			children = (
				6EA75C3F29FB589B00602ED0 /* RESTProtocol.swift */,
				6EDBB2A429FE289F0044F34D /* InjectionKey.swift */,
			);
			path = Protocols;
			sourceTree = "<group>";
		};
		6EA75C4229FC2A7800602ED0 /* Implementation */ = {
			isa = PBXGroup;
			children = (
				6EA75C4329FC2A9A00602ED0 /* RESTService.swift */,
				6EDBB2A629FE28D90044F34D /* RESTServiceKey.swift */,
			);
			path = Implementation;
			sourceTree = "<group>";
		};
		6EBB4BBD29FB0717005C35CF = {
			isa = PBXGroup;
			children = (
				6EBB4BC829FB0717005C35CF /* Sweatherift */,
				6EBB4BD929FB0719005C35CF /* SweatheriftTests */,
				6EBB4BE329FB0719005C35CF /* SweatheriftUITests */,
				6EBB4BC729FB0717005C35CF /* Products */,
			);
			sourceTree = "<group>";
		};
		6EBB4BC729FB0717005C35CF /* Products */ = {
			isa = PBXGroup;
			children = (
				6EBB4BC629FB0717005C35CF /* Sweatherift.app */,
				6EBB4BD629FB0719005C35CF /* SweatheriftTests.xctest */,
				6EBB4BE029FB0719005C35CF /* SweatheriftUITests.xctest */,
			);
			name = Products;
			sourceTree = "<group>";
		};
		6EBB4BC829FB0717005C35CF /* Sweatherift */ = {
			isa = PBXGroup;
			children = (
				6EA75C3E29FB585600602ED0 /* Core */,
				6EA75C3929FB52FA00602ED0 /* Models */,
				6EA75C3829FB52F200602ED0 /* ViewModels */,
				6EA75C3729FB52EC00602ED0 /* Views */,
				6EBB4BC929FB0717005C35CF /* SweatheriftApp.swift */,
				6EBB4BCD29FB0718005C35CF /* Assets.xcassets */,
				6EBB4BCF29FB0718005C35CF /* Preview Content */,
			);
			path = Sweatherift;
			sourceTree = "<group>";
		};
		6EBB4BCF29FB0718005C35CF /* Preview Content */ = {
			isa = PBXGroup;
			children = (
				6EBB4BD029FB0718005C35CF /* Preview Assets.xcassets */,
			);
			path = "Preview Content";
			sourceTree = "<group>";
		};
		6EBB4BD929FB0719005C35CF /* SweatheriftTests */ = {
			isa = PBXGroup;
			children = (
				6EBB4BDA29FB0719005C35CF /* SweatheriftTests.swift */,
			);
			path = SweatheriftTests;
			sourceTree = "<group>";
		};
		6EBB4BE329FB0719005C35CF /* SweatheriftUITests */ = {
			isa = PBXGroup;
			children = (
				6EBB4BE429FB0719005C35CF /* SweatheriftUITests.swift */,
				6EBB4BE629FB0719005C35CF /* SweatheriftUITestsLaunchTests.swift */,
			);
			path = SweatheriftUITests;
			sourceTree = "<group>";
		};
/* End PBXGroup section */

/* Begin PBXNativeTarget section */
		6EBB4BC529FB0717005C35CF /* Sweatherift */ = {
			isa = PBXNativeTarget;
			buildConfigurationList = 6EBB4BEA29FB0719005C35CF /* Build configuration list for PBXNativeTarget "Sweatherift" */;
			buildPhases = (
				6EBB4BC229FB0717005C35CF /* Sources */,
				6EBB4BC329FB0717005C35CF /* Frameworks */,
				6EBB4BC429FB0717005C35CF /* Resources */,
			);
			buildRules = (
			);
			dependencies = (
			);
			name = Sweatherift;
			productName = Sweatherift;
			productReference = 6EBB4BC629FB0717005C35CF /* Sweatherift.app */;
			productType = "com.apple.product-type.application";
		};
		6EBB4BD529FB0719005C35CF /* SweatheriftTests */ = {
			isa = PBXNativeTarget;
			buildConfigurationList = 6EBB4BED29FB0719005C35CF /* Build configuration list for PBXNativeTarget "SweatheriftTests" */;
			buildPhases = (
				6EBB4BD229FB0719005C35CF /* Sources */,
				6EBB4BD329FB0719005C35CF /* Frameworks */,
				6EBB4BD429FB0719005C35CF /* Resources */,
			);
			buildRules = (
			);
			dependencies = (
				6EBB4BD829FB0719005C35CF /* PBXTargetDependency */,
			);
			name = SweatheriftTests;
			productName = SweatheriftTests;
			productReference = 6EBB4BD629FB0719005C35CF /* SweatheriftTests.xctest */;
			productType = "com.apple.product-type.bundle.unit-test";
		};
		6EBB4BDF29FB0719005C35CF /* SweatheriftUITests */ = {
			isa = PBXNativeTarget;
			buildConfigurationList = 6EBB4BF029FB0719005C35CF /* Build configuration list for PBXNativeTarget "SweatheriftUITests" */;
			buildPhases = (
				6EBB4BDC29FB0719005C35CF /* Sources */,
				6EBB4BDD29FB0719005C35CF /* Frameworks */,
				6EBB4BDE29FB0719005C35CF /* Resources */,
			);
			buildRules = (
			);
			dependencies = (
				6EBB4BE229FB0719005C35CF /* PBXTargetDependency */,
			);
			name = SweatheriftUITests;
			productName = SweatheriftUITests;
			productReference = 6EBB4BE029FB0719005C35CF /* SweatheriftUITests.xctest */;
			productType = "com.apple.product-type.bundle.ui-testing";
		};
/* End PBXNativeTarget section */

/* Begin PBXProject section */
		6EBB4BBE29FB0717005C35CF /* Project object */ = {
			isa = PBXProject;
			attributes = {
				BuildIndependentTargetsInParallel = 1;
				LastSwiftUpdateCheck = 1430;
				LastUpgradeCheck = 1430;
				TargetAttributes = {
					6EBB4BC529FB0717005C35CF = {
						CreatedOnToolsVersion = 14.3;
					};
					6EBB4BD529FB0719005C35CF = {
						CreatedOnToolsVersion = 14.3;
						TestTargetID = 6EBB4BC529FB0717005C35CF;
					};
					6EBB4BDF29FB0719005C35CF = {
						CreatedOnToolsVersion = 14.3;
						TestTargetID = 6EBB4BC529FB0717005C35CF;
					};
				};
			};
			buildConfigurationList = 6EBB4BC129FB0717005C35CF /* Build configuration list for PBXProject "Sweatherift" */;
			compatibilityVersion = "Xcode 14.0";
			developmentRegion = en;
			hasScannedForEncodings = 0;
			knownRegions = (
				en,
				Base,
			);
			mainGroup = 6EBB4BBD29FB0717005C35CF;
			productRefGroup = 6EBB4BC729FB0717005C35CF /* Products */;
			projectDirPath = "";
			projectRoot = "";
			targets = (
				6EBB4BC529FB0717005C35CF /* Sweatherift */,
				6EBB4BD529FB0719005C35CF /* SweatheriftTests */,
				6EBB4BDF29FB0719005C35CF /* SweatheriftUITests */,
			);
		};
/* End PBXProject section */

/* Begin PBXResourcesBuildPhase section */
		6EBB4BC429FB0717005C35CF /* Resources */ = {
			isa = PBXResourcesBuildPhase;
			buildActionMask = 2147483647;
			files = (
				6EBB4BD129FB0718005C35CF /* Preview Assets.xcassets in Resources */,
				6EBB4BCE29FB0718005C35CF /* Assets.xcassets in Resources */,
			);
			runOnlyForDeploymentPostprocessing = 0;
		};
		6EBB4BD429FB0719005C35CF /* Resources */ = {
			isa = PBXResourcesBuildPhase;
			buildActionMask = 2147483647;
			files = (
			);
			runOnlyForDeploymentPostprocessing = 0;
		};
		6EBB4BDE29FB0719005C35CF /* Resources */ = {
			isa = PBXResourcesBuildPhase;
			buildActionMask = 2147483647;
			files = (
			);
			runOnlyForDeploymentPostprocessing = 0;
		};
/* End PBXResourcesBuildPhase section */

/* Begin PBXSourcesBuildPhase section */
		6EBB4BC229FB0717005C35CF /* Sources */ = {
			isa = PBXSourcesBuildPhase;
			buildActionMask = 2147483647;
			files = (
				6EA75C4A29FC319700602ED0 /* Weather.swift in Sources */,
				6EDBB2A729FE28D90044F34D /* RESTServiceKey.swift in Sources */,
				6EBB4BCA29FB0717005C35CF /* SweatheriftApp.swift in Sources */,
				6EA75C5429FC356300602ED0 /* System.swift in Sources */,
				6EA75C4029FB589B00602ED0 /* RESTProtocol.swift in Sources */,
				6EA75C3D29FB572600602ED0 /* HomeViewModel.swift in Sources */,
				6EA75C3B29FB532700602ED0 /* HomeView.swift in Sources */,
				6EA75C4E29FC333200602ED0 /* MainWeather.swift in Sources */,
				6EDBB2A529FE289F0044F34D /* InjectionKey.swift in Sources */,
				6EDBB29F29FE09350044F34D /* WeatherView.swift in Sources */,
				6EDBB29D29FDD5CB0044F34D /* Location.swift in Sources */,
				6EA75C4829FC2FE700602ED0 /* Constants.swift in Sources */,
				6EA75C4C29FC32F200602ED0 /* CoOrdinates.swift in Sources */,
				6EDBB2A129FE0D800044F34D /* WeatherViewModel.swift in Sources */,
				6EA75C4429FC2A9A00602ED0 /* RESTService.swift in Sources */,
				6EA75C5029FC344700602ED0 /* WeatherReport.swift in Sources */,
				6EA75C5629FC359500602ED0 /* Clouds.swift in Sources */,
				6EDBB2A929FE29170044F34D /* InjectedValues.swift in Sources */,
				6EA75C4629FC2B5400602ED0 /* APIError.swift in Sources */,
				6EA75C5229FC351A00602ED0 /* Wind.swift in Sources */,
				6EDBB2AB29FE2B2D0044F34D /* InjectedPropertyWrapper.swift in Sources */,
			);
			runOnlyForDeploymentPostprocessing = 0;
		};
		6EBB4BD229FB0719005C35CF /* Sources */ = {
			isa = PBXSourcesBuildPhase;
			buildActionMask = 2147483647;
			files = (
				6EBB4BDB29FB0719005C35CF /* SweatheriftTests.swift in Sources */,
			);
			runOnlyForDeploymentPostprocessing = 0;
		};
		6EBB4BDC29FB0719005C35CF /* Sources */ = {
			isa = PBXSourcesBuildPhase;
			buildActionMask = 2147483647;
			files = (
				6EBB4BE529FB0719005C35CF /* SweatheriftUITests.swift in Sources */,
				6EBB4BE729FB0719005C35CF /* SweatheriftUITestsLaunchTests.swift in Sources */,
			);
			runOnlyForDeploymentPostprocessing = 0;
		};
/* End PBXSourcesBuildPhase section */

/* Begin PBXTargetDependency section */
		6EBB4BD829FB0719005C35CF /* PBXTargetDependency */ = {
			isa = PBXTargetDependency;
			target = 6EBB4BC529FB0717005C35CF /* Sweatherift */;
			targetProxy = 6EBB4BD729FB0719005C35CF /* PBXContainerItemProxy */;
		};
		6EBB4BE229FB0719005C35CF /* PBXTargetDependency */ = {
			isa = PBXTargetDependency;
			target = 6EBB4BC529FB0717005C35CF /* Sweatherift */;
			targetProxy = 6EBB4BE129FB0719005C35CF /* PBXContainerItemProxy */;
		};
/* End PBXTargetDependency section */

/* Begin XCBuildConfiguration section */
		6EBB4BE829FB0719005C35CF /* Debug */ = {
			isa = XCBuildConfiguration;
			buildSettings = {
				ALWAYS_SEARCH_USER_PATHS = NO;
				CLANG_ANALYZER_NONNULL = YES;
				CLANG_ANALYZER_NUMBER_OBJECT_CONVERSION = YES_AGGRESSIVE;
				CLANG_CXX_LANGUAGE_STANDARD = "gnu++20";
				CLANG_ENABLE_MODULES = YES;
				CLANG_ENABLE_OBJC_ARC = YES;
				CLANG_ENABLE_OBJC_WEAK = YES;
				CLANG_WARN_BLOCK_CAPTURE_AUTORELEASING = YES;
				CLANG_WARN_BOOL_CONVERSION = YES;
				CLANG_WARN_COMMA = YES;
				CLANG_WARN_CONSTANT_CONVERSION = YES;
				CLANG_WARN_DEPRECATED_OBJC_IMPLEMENTATIONS = YES;
				CLANG_WARN_DIRECT_OBJC_ISA_USAGE = YES_ERROR;
				CLANG_WARN_DOCUMENTATION_COMMENTS = YES;
				CLANG_WARN_EMPTY_BODY = YES;
				CLANG_WARN_ENUM_CONVERSION = YES;
				CLANG_WARN_INFINITE_RECURSION = YES;
				CLANG_WARN_INT_CONVERSION = YES;
				CLANG_WARN_NON_LITERAL_NULL_CONVERSION = YES;
				CLANG_WARN_OBJC_IMPLICIT_RETAIN_SELF = YES;
				CLANG_WARN_OBJC_LITERAL_CONVERSION = YES;
				CLANG_WARN_OBJC_ROOT_CLASS = YES_ERROR;
				CLANG_WARN_QUOTED_INCLUDE_IN_FRAMEWORK_HEADER = YES;
				CLANG_WARN_RANGE_LOOP_ANALYSIS = YES;
				CLANG_WARN_STRICT_PROTOTYPES = YES;
				CLANG_WARN_SUSPICIOUS_MOVE = YES;
				CLANG_WARN_UNGUARDED_AVAILABILITY = YES_AGGRESSIVE;
				CLANG_WARN_UNREACHABLE_CODE = YES;
				CLANG_WARN__DUPLICATE_METHOD_MATCH = YES;
				COPY_PHASE_STRIP = NO;
				DEBUG_INFORMATION_FORMAT = dwarf;
				ENABLE_STRICT_OBJC_MSGSEND = YES;
				ENABLE_TESTABILITY = YES;
				GCC_C_LANGUAGE_STANDARD = gnu11;
				GCC_DYNAMIC_NO_PIC = NO;
				GCC_NO_COMMON_BLOCKS = YES;
				GCC_OPTIMIZATION_LEVEL = 0;
				GCC_PREPROCESSOR_DEFINITIONS = (
					"DEBUG=1",
					"$(inherited)",
				);
				GCC_WARN_64_TO_32_BIT_CONVERSION = YES;
				GCC_WARN_ABOUT_RETURN_TYPE = YES_ERROR;
				GCC_WARN_UNDECLARED_SELECTOR = YES;
				GCC_WARN_UNINITIALIZED_AUTOS = YES_AGGRESSIVE;
				GCC_WARN_UNUSED_FUNCTION = YES;
				GCC_WARN_UNUSED_VARIABLE = YES;
				IPHONEOS_DEPLOYMENT_TARGET = 16.4;
				MTL_ENABLE_DEBUG_INFO = INCLUDE_SOURCE;
				MTL_FAST_MATH = YES;
				ONLY_ACTIVE_ARCH = YES;
				SDKROOT = iphoneos;
				SWIFT_ACTIVE_COMPILATION_CONDITIONS = DEBUG;
				SWIFT_OPTIMIZATION_LEVEL = "-Onone";
			};
			name = Debug;
		};
		6EBB4BE929FB0719005C35CF /* Release */ = {
			isa = XCBuildConfiguration;
			buildSettings = {
				ALWAYS_SEARCH_USER_PATHS = NO;
				CLANG_ANALYZER_NONNULL = YES;
				CLANG_ANALYZER_NUMBER_OBJECT_CONVERSION = YES_AGGRESSIVE;
				CLANG_CXX_LANGUAGE_STANDARD = "gnu++20";
				CLANG_ENABLE_MODULES = YES;
				CLANG_ENABLE_OBJC_ARC = YES;
				CLANG_ENABLE_OBJC_WEAK = YES;
				CLANG_WARN_BLOCK_CAPTURE_AUTORELEASING = YES;
				CLANG_WARN_BOOL_CONVERSION = YES;
				CLANG_WARN_COMMA = YES;
				CLANG_WARN_CONSTANT_CONVERSION = YES;
				CLANG_WARN_DEPRECATED_OBJC_IMPLEMENTATIONS = YES;
				CLANG_WARN_DIRECT_OBJC_ISA_USAGE = YES_ERROR;
				CLANG_WARN_DOCUMENTATION_COMMENTS = YES;
				CLANG_WARN_EMPTY_BODY = YES;
				CLANG_WARN_ENUM_CONVERSION = YES;
				CLANG_WARN_INFINITE_RECURSION = YES;
				CLANG_WARN_INT_CONVERSION = YES;
				CLANG_WARN_NON_LITERAL_NULL_CONVERSION = YES;
				CLANG_WARN_OBJC_IMPLICIT_RETAIN_SELF = YES;
				CLANG_WARN_OBJC_LITERAL_CONVERSION = YES;
				CLANG_WARN_OBJC_ROOT_CLASS = YES_ERROR;
				CLANG_WARN_QUOTED_INCLUDE_IN_FRAMEWORK_HEADER = YES;
				CLANG_WARN_RANGE_LOOP_ANALYSIS = YES;
				CLANG_WARN_STRICT_PROTOTYPES = YES;
				CLANG_WARN_SUSPICIOUS_MOVE = YES;
				CLANG_WARN_UNGUARDED_AVAILABILITY = YES_AGGRESSIVE;
				CLANG_WARN_UNREACHABLE_CODE = YES;
				CLANG_WARN__DUPLICATE_METHOD_MATCH = YES;
				COPY_PHASE_STRIP = NO;
				DEBUG_INFORMATION_FORMAT = "dwarf-with-dsym";
				ENABLE_NS_ASSERTIONS = NO;
				ENABLE_STRICT_OBJC_MSGSEND = YES;
				GCC_C_LANGUAGE_STANDARD = gnu11;
				GCC_NO_COMMON_BLOCKS = YES;
				GCC_WARN_64_TO_32_BIT_CONVERSION = YES;
				GCC_WARN_ABOUT_RETURN_TYPE = YES_ERROR;
				GCC_WARN_UNDECLARED_SELECTOR = YES;
				GCC_WARN_UNINITIALIZED_AUTOS = YES_AGGRESSIVE;
				GCC_WARN_UNUSED_FUNCTION = YES;
				GCC_WARN_UNUSED_VARIABLE = YES;
				IPHONEOS_DEPLOYMENT_TARGET = 16.4;
				MTL_ENABLE_DEBUG_INFO = NO;
				MTL_FAST_MATH = YES;
				SDKROOT = iphoneos;
				SWIFT_COMPILATION_MODE = wholemodule;
				SWIFT_OPTIMIZATION_LEVEL = "-O";
				VALIDATE_PRODUCT = YES;
			};
			name = Release;
		};
		6EBB4BEB29FB0719005C35CF /* Debug */ = {
			isa = XCBuildConfiguration;
			buildSettings = {
				ASSETCATALOG_COMPILER_APPICON_NAME = AppIcon;
				ASSETCATALOG_COMPILER_GLOBAL_ACCENT_COLOR_NAME = AccentColor;
				CODE_SIGN_STYLE = Automatic;
				CURRENT_PROJECT_VERSION = 1;
				DEVELOPMENT_ASSET_PATHS = "\"Sweatherift/Preview Content\"";
				ENABLE_PREVIEWS = YES;
				GENERATE_INFOPLIST_FILE = YES;
				INFOPLIST_KEY_UIApplicationSceneManifest_Generation = YES;
				INFOPLIST_KEY_UIApplicationSupportsIndirectInputEvents = YES;
				INFOPLIST_KEY_UILaunchScreen_Generation = YES;
				INFOPLIST_KEY_UISupportedInterfaceOrientations_iPad = "UIInterfaceOrientationPortrait UIInterfaceOrientationPortraitUpsideDown UIInterfaceOrientationLandscapeLeft UIInterfaceOrientationLandscapeRight";
				INFOPLIST_KEY_UISupportedInterfaceOrientations_iPhone = "UIInterfaceOrientationPortrait UIInterfaceOrientationLandscapeLeft UIInterfaceOrientationLandscapeRight";
				LD_RUNPATH_SEARCH_PATHS = (
					"$(inherited)",
					"@executable_path/Frameworks",
				);
				MARKETING_VERSION = 1.0;
				PRODUCT_BUNDLE_IDENTIFIER = com.prateek.Sweatherift;
				PRODUCT_NAME = "$(TARGET_NAME)";
				SWIFT_EMIT_LOC_STRINGS = YES;
				SWIFT_VERSION = 5.0;
				TARGETED_DEVICE_FAMILY = "1,2";
			};
			name = Debug;
		};
		6EBB4BEC29FB0719005C35CF /* Release */ = {
			isa = XCBuildConfiguration;
			buildSettings = {
				ASSETCATALOG_COMPILER_APPICON_NAME = AppIcon;
				ASSETCATALOG_COMPILER_GLOBAL_ACCENT_COLOR_NAME = AccentColor;
				CODE_SIGN_STYLE = Automatic;
				CURRENT_PROJECT_VERSION = 1;
				DEVELOPMENT_ASSET_PATHS = "\"Sweatherift/Preview Content\"";
				ENABLE_PREVIEWS = YES;
				GENERATE_INFOPLIST_FILE = YES;
				INFOPLIST_KEY_UIApplicationSceneManifest_Generation = YES;
				INFOPLIST_KEY_UIApplicationSupportsIndirectInputEvents = YES;
				INFOPLIST_KEY_UILaunchScreen_Generation = YES;
				INFOPLIST_KEY_UISupportedInterfaceOrientations_iPad = "UIInterfaceOrientationPortrait UIInterfaceOrientationPortraitUpsideDown UIInterfaceOrientationLandscapeLeft UIInterfaceOrientationLandscapeRight";
				INFOPLIST_KEY_UISupportedInterfaceOrientations_iPhone = "UIInterfaceOrientationPortrait UIInterfaceOrientationLandscapeLeft UIInterfaceOrientationLandscapeRight";
				LD_RUNPATH_SEARCH_PATHS = (
					"$(inherited)",
					"@executable_path/Frameworks",
				);
				MARKETING_VERSION = 1.0;
				PRODUCT_BUNDLE_IDENTIFIER = com.prateek.Sweatherift;
				PRODUCT_NAME = "$(TARGET_NAME)";
				SWIFT_EMIT_LOC_STRINGS = YES;
				SWIFT_VERSION = 5.0;
				TARGETED_DEVICE_FAMILY = "1,2";
			};
			name = Release;
		};
		6EBB4BEE29FB0719005C35CF /* Debug */ = {
			isa = XCBuildConfiguration;
			buildSettings = {
				ALWAYS_EMBED_SWIFT_STANDARD_LIBRARIES = YES;
				BUNDLE_LOADER = "$(TEST_HOST)";
				CODE_SIGN_STYLE = Automatic;
				CURRENT_PROJECT_VERSION = 1;
				GENERATE_INFOPLIST_FILE = YES;
				IPHONEOS_DEPLOYMENT_TARGET = 16.4;
				MARKETING_VERSION = 1.0;
				PRODUCT_BUNDLE_IDENTIFIER = com.prateek.SweatheriftTests;
				PRODUCT_NAME = "$(TARGET_NAME)";
				SWIFT_EMIT_LOC_STRINGS = NO;
				SWIFT_VERSION = 5.0;
				TARGETED_DEVICE_FAMILY = "1,2";
				TEST_HOST = "$(BUILT_PRODUCTS_DIR)/Sweatherift.app/$(BUNDLE_EXECUTABLE_FOLDER_PATH)/Sweatherift";
			};
			name = Debug;
		};
		6EBB4BEF29FB0719005C35CF /* Release */ = {
			isa = XCBuildConfiguration;
			buildSettings = {
				ALWAYS_EMBED_SWIFT_STANDARD_LIBRARIES = YES;
				BUNDLE_LOADER = "$(TEST_HOST)";
				CODE_SIGN_STYLE = Automatic;
				CURRENT_PROJECT_VERSION = 1;
				GENERATE_INFOPLIST_FILE = YES;
				IPHONEOS_DEPLOYMENT_TARGET = 16.4;
				MARKETING_VERSION = 1.0;
				PRODUCT_BUNDLE_IDENTIFIER = com.prateek.SweatheriftTests;
				PRODUCT_NAME = "$(TARGET_NAME)";
				SWIFT_EMIT_LOC_STRINGS = NO;
				SWIFT_VERSION = 5.0;
				TARGETED_DEVICE_FAMILY = "1,2";
				TEST_HOST = "$(BUILT_PRODUCTS_DIR)/Sweatherift.app/$(BUNDLE_EXECUTABLE_FOLDER_PATH)/Sweatherift";
			};
			name = Release;
		};
		6EBB4BF129FB0719005C35CF /* Debug */ = {
			isa = XCBuildConfiguration;
			buildSettings = {
				ALWAYS_EMBED_SWIFT_STANDARD_LIBRARIES = YES;
				CODE_SIGN_STYLE = Automatic;
				CURRENT_PROJECT_VERSION = 1;
				GENERATE_INFOPLIST_FILE = YES;
				MARKETING_VERSION = 1.0;
				PRODUCT_BUNDLE_IDENTIFIER = com.prateek.SweatheriftUITests;
				PRODUCT_NAME = "$(TARGET_NAME)";
				SWIFT_EMIT_LOC_STRINGS = NO;
				SWIFT_VERSION = 5.0;
				TARGETED_DEVICE_FAMILY = "1,2";
				TEST_TARGET_NAME = Sweatherift;
			};
			name = Debug;
		};
		6EBB4BF229FB0719005C35CF /* Release */ = {
			isa = XCBuildConfiguration;
			buildSettings = {
				ALWAYS_EMBED_SWIFT_STANDARD_LIBRARIES = YES;
				CODE_SIGN_STYLE = Automatic;
				CURRENT_PROJECT_VERSION = 1;
				GENERATE_INFOPLIST_FILE = YES;
				MARKETING_VERSION = 1.0;
				PRODUCT_BUNDLE_IDENTIFIER = com.prateek.SweatheriftUITests;
				PRODUCT_NAME = "$(TARGET_NAME)";
				SWIFT_EMIT_LOC_STRINGS = NO;
				SWIFT_VERSION = 5.0;
				TARGETED_DEVICE_FAMILY = "1,2";
				TEST_TARGET_NAME = Sweatherift;
			};
			name = Release;
		};
/* End XCBuildConfiguration section */

/* Begin XCConfigurationList section */
		6EBB4BC129FB0717005C35CF /* Build configuration list for PBXProject "Sweatherift" */ = {
			isa = XCConfigurationList;
			buildConfigurations = (
				6EBB4BE829FB0719005C35CF /* Debug */,
				6EBB4BE929FB0719005C35CF /* Release */,
			);
			defaultConfigurationIsVisible = 0;
			defaultConfigurationName = Release;
		};
		6EBB4BEA29FB0719005C35CF /* Build configuration list for PBXNativeTarget "Sweatherift" */ = {
			isa = XCConfigurationList;
			buildConfigurations = (
				6EBB4BEB29FB0719005C35CF /* Debug */,
				6EBB4BEC29FB0719005C35CF /* Release */,
			);
			defaultConfigurationIsVisible = 0;
			defaultConfigurationName = Release;
		};
		6EBB4BED29FB0719005C35CF /* Build configuration list for PBXNativeTarget "SweatheriftTests" */ = {
			isa = XCConfigurationList;
			buildConfigurations = (
				6EBB4BEE29FB0719005C35CF /* Debug */,
				6EBB4BEF29FB0719005C35CF /* Release */,
			);
			defaultConfigurationIsVisible = 0;
			defaultConfigurationName = Release;
		};
		6EBB4BF029FB0719005C35CF /* Build configuration list for PBXNativeTarget "SweatheriftUITests" */ = {
			isa = XCConfigurationList;
			buildConfigurations = (
				6EBB4BF129FB0719005C35CF /* Debug */,
				6EBB4BF229FB0719005C35CF /* Release */,
			);
			defaultConfigurationIsVisible = 0;
			defaultConfigurationName = Release;
		};
/* End XCConfigurationList section */
	};
	rootObject = 6EBB4BBE29FB0717005C35CF /* Project object */;
}
